
Microsoft Visual Studio Solution File, Format Version 12.00
# Visual Studio Version 16
VisualStudioVersion = 16.6.30114.105
MinimumVisualStudioVersion = 10.0.40219.1
Project("{2150E333-8FDC-42A3-9474-1A3956D46DE8}") = "src", "src", "{BC148E6C-2F20-4CED-A26D-D0479646413B}"
EndProject
Project("{FAE04EC0-301F-11D3-BF4B-00C04F79EFBC}") = "GradeBook", "src\GradeBook\GradeBook.csproj", "{5E533EC6-B36B-46BF-BC34-7939FDDD2CF4}"
EndProject
Project("{2150E333-8FDC-42A3-9474-1A3956D46DE8}") = "test", "test", "{BA583E51-933D-47B6-AF04-8D6E1A30EFD7}"
EndProject
Project("{FAE04EC0-301F-11D3-BF4B-00C04F79EFBC}") = "GradeBook.Tests", "test\GradeBook.Tests\GradeBook.Tests.csproj", "{DCE038C2-DA48-477A-82BA-966C3E9093F5}"
EndProject
Global
	GlobalSection(SolutionConfigurationPlatforms) = preSolution
		Debug|Any CPU = Debug|Any CPU
		Debug|x64 = Debug|x64
		Debug|x86 = Debug|x86
		Release|Any CPU = Release|Any CPU
		Release|x64 = Release|x64
		Release|x86 = Release|x86
	EndGlobalSection
	GlobalSection(SolutionProperties) = preSolution
		HideSolutionNode = FALSE
	EndGlobalSection
	GlobalSection(ProjectConfigurationPlatforms) = postSolution
		{5E533EC6-B36B-46BF-BC34-7939FDDD2CF4}.Debug|Any CPU.ActiveCfg = Debug|Any CPU
		{5E533EC6-B36B-46BF-BC34-7939FDDD2CF4}.Debug|Any CPU.Build.0 = Debug|Any CPU
		{5E533EC6-B36B-46BF-BC34-7939FDDD2CF4}.Debug|x64.ActiveCfg = Debug|Any CPU
		{5E533EC6-B36B-46BF-BC34-7939FDDD2CF4}.Debug|x64.Build.0 = Debug|Any CPU
		{5E533EC6-B36B-46BF-BC34-7939FDDD2CF4}.Debug|x86.ActiveCfg = Debug|Any CPU
		{5E533EC6-B36B-46BF-BC34-7939FDDD2CF4}.Debug|x86.Build.0 = Debug|Any CPU
		{5E533EC6-B36B-46BF-BC34-7939FDDD2CF4}.Release|Any CPU.ActiveCfg = Release|Any CPU
		{5E533EC6-B36B-46BF-BC34-7939FDDD2CF4}.Release|Any CPU.Build.0 = Release|Any CPU
		{5E533EC6-B36B-46BF-BC34-7939FDDD2CF4}.Release|x64.ActiveCfg = Release|Any CPU
		{5E533EC6-B36B-46BF-BC34-7939FDDD2CF4}.Release|x64.Build.0 = Release|Any CPU
		{5E533EC6-B36B-46BF-BC34-7939FDDD2CF4}.Release|x86.ActiveCfg = Release|Any CPU
		{5E533EC6-B36B-46BF-BC34-7939FDDD2CF4}.Release|x86.Build.0 = Release|Any CPU
		{DCE038C2-DA48-477A-82BA-966C3E9093F5}.Debug|Any CPU.ActiveCfg = Debug|Any CPU
		{DCE038C2-DA48-477A-82BA-966C3E9093F5}.Debug|Any CPU.Build.0 = Debug|Any CPU
		{DCE038C2-DA48-477A-82BA-966C3E9093F5}.Debug|x64.ActiveCfg = Debug|Any CPU
		{DCE038C2-DA48-477A-82BA-966C3E9093F5}.Debug|x64.Build.0 = Debug|Any CPU
		{DCE038C2-DA48-477A-82BA-966C3E9093F5}.Debug|x86.ActiveCfg = Debug|Any CPU
		{DCE038C2-DA48-477A-82BA-966C3E9093F5}.Debug|x86.Build.0 = Debug|Any CPU
		{DCE038C2-DA48-477A-82BA-966C3E9093F5}.Release|Any CPU.ActiveCfg = Release|Any CPU
		{DCE038C2-DA48-477A-82BA-966C3E9093F5}.Release|Any CPU.Build.0 = Release|Any CPU
		{DCE038C2-DA48-477A-82BA-966C3E9093F5}.Release|x64.ActiveCfg = Release|Any CPU
		{DCE038C2-DA48-477A-82BA-966C3E9093F5}.Release|x64.Build.0 = Release|Any CPU
		{DCE038C2-DA48-477A-82BA-966C3E9093F5}.Release|x86.ActiveCfg = Release|Any CPU
		{DCE038C2-DA48-477A-82BA-966C3E9093F5}.Release|x86.Build.0 = Release|Any CPU
	EndGlobalSection
	GlobalSection(NestedProjects) = preSolution
		{5E533EC6-B36B-46BF-BC34-7939FDDD2CF4} = {BC148E6C-2F20-4CED-A26D-D0479646413B}
		{DCE038C2-DA48-477A-82BA-966C3E9093F5} = {BA583E51-933D-47B6-AF04-8D6E1A30EFD7}
	EndGlobalSection
EndGlobal
